
Microsoft Visual Studio Solution File, Format Version 12.00
# Visual Studio 15
VisualStudioVersion = 15.0.26430.6
MinimumVisualStudioVersion = 10.0.40219.1
Project("{FAE04EC0-301F-11D3-BF4B-00C04F79EFBC}") = "LearningCenterManagementSystem", "LearningCenterManagementSystem\LearningCenterManagementSystem.csproj", "{EC6825E0-95CE-4A13-B642-502874C5BE07}"
EndProject
Project("{FAE04EC0-301F-11D3-BF4B-00C04F79EFBC}") = "LCMSBussinessLogic", "LCMSBussinessLogic\LCMSBussinessLogic.csproj", "{5D837A5E-A15A-4883-A968-99EF3EEED05F}"
EndProject
Project("{FAE04EC0-301F-11D3-BF4B-00C04F79EFBC}") = "LCMSDataAccess", "LCMSDataAccess\LCMSDataAccess.csproj", "{C315D8C1-0D37-4A5F-B486-9FFCC1200B41}"
EndProject
Global
	GlobalSection(SolutionConfigurationPlatforms) = preSolution
		Debug|Any CPU = Debug|Any CPU
		Release|Any CPU = Release|Any CPU
	EndGlobalSection
	GlobalSection(ProjectConfigurationPlatforms) = postSolution
		{EC6825E0-95CE-4A13-B642-502874C5BE07}.Debug|Any CPU.ActiveCfg = Debug|Any CPU
		{EC6825E0-95CE-4A13-B642-502874C5BE07}.Debug|Any CPU.Build.0 = Debug|Any CPU
		{EC6825E0-95CE-4A13-B642-502874C5BE07}.Release|Any CPU.ActiveCfg = Release|Any CPU
		{EC6825E0-95CE-4A13-B642-502874C5BE07}.Release|Any CPU.Build.0 = Release|Any CPU
		{5D837A5E-A15A-4883-A968-99EF3EEED05F}.Debug|Any CPU.ActiveCfg = Debug|Any CPU
		{5D837A5E-A15A-4883-A968-99EF3EEED05F}.Debug|Any CPU.Build.0 = Debug|Any CPU
		{5D837A5E-A15A-4883-A968-99EF3EEED05F}.Release|Any CPU.ActiveCfg = Release|Any CPU
		{5D837A5E-A15A-4883-A968-99EF3EEED05F}.Release|Any CPU.Build.0 = Release|Any CPU
		{C315D8C1-0D37-4A5F-B486-9FFCC1200B41}.Debug|Any CPU.ActiveCfg = Debug|Any CPU
		{C315D8C1-0D37-4A5F-B486-9FFCC1200B41}.Debug|Any CPU.Build.0 = Debug|Any CPU
		{C315D8C1-0D37-4A5F-B486-9FFCC1200B41}.Release|Any CPU.ActiveCfg = Release|Any CPU
		{C315D8C1-0D37-4A5F-B486-9FFCC1200B41}.Release|Any CPU.Build.0 = Release|Any CPU
	EndGlobalSection
	GlobalSection(SolutionProperties) = preSolution
		HideSolutionNode = FALSE
	EndGlobalSection
EndGlobal
